
Microsoft Visual Studio Solution File, Format Version 12.00
# Visual Studio Version 17
VisualStudioVersion = 17.12.35527.113 d17.12
MinimumVisualStudioVersion = 10.0.40219.1
Project("{FAE04EC0-301F-11D3-BF4B-00C04F79EFBC}") = "DomeGym.Domain", "DomeGym.Domain\DomeGym.Domain.csproj", "{05B7376D-1DFB-460D-960D-00F90C30200D}"
EndProject
Project("{FAE04EC0-301F-11D3-BF4B-00C04F79EFBC}") = "DomeGym.Domain.UnitTests", "DomeGym.Domain.UnitTests\DomeGym.Domain.UnitTests.csproj", "{E344EB1D-FB7B-4F13-B80A-801E9B9B04AB}"
EndProject
Project("{FAE04EC0-301F-11D3-BF4B-00C04F79EFBC}") = "DomeGym.Application", "DomeGym.Application\DomeGym.Application.csproj", "{A81A6E8C-BECA-47EE-855D-3D759ED365C5}"
EndProject
Global
	GlobalSection(SolutionConfigurationPlatforms) = preSolution
		Debug|Any CPU = Debug|Any CPU
		Release|Any CPU = Release|Any CPU
	EndGlobalSection
	GlobalSection(ProjectConfigurationPlatforms) = postSolution
		{05B7376D-1DFB-460D-960D-00F90C30200D}.Debug|Any CPU.ActiveCfg = Debug|Any CPU
		{05B7376D-1DFB-460D-960D-00F90C30200D}.Debug|Any CPU.Build.0 = Debug|Any CPU
		{05B7376D-1DFB-460D-960D-00F90C30200D}.Release|Any CPU.ActiveCfg = Release|Any CPU
		{05B7376D-1DFB-460D-960D-00F90C30200D}.Release|Any CPU.Build.0 = Release|Any CPU
		{E344EB1D-FB7B-4F13-B80A-801E9B9B04AB}.Debug|Any CPU.ActiveCfg = Debug|Any CPU
		{E344EB1D-FB7B-4F13-B80A-801E9B9B04AB}.Debug|Any CPU.Build.0 = Debug|Any CPU
		{E344EB1D-FB7B-4F13-B80A-801E9B9B04AB}.Release|Any CPU.ActiveCfg = Release|Any CPU
		{E344EB1D-FB7B-4F13-B80A-801E9B9B04AB}.Release|Any CPU.Build.0 = Release|Any CPU
		{A81A6E8C-BECA-47EE-855D-3D759ED365C5}.Debug|Any CPU.ActiveCfg = Debug|Any CPU
		{A81A6E8C-BECA-47EE-855D-3D759ED365C5}.Debug|Any CPU.Build.0 = Debug|Any CPU
		{A81A6E8C-BECA-47EE-855D-3D759ED365C5}.Release|Any CPU.ActiveCfg = Release|Any CPU
		{A81A6E8C-BECA-47EE-855D-3D759ED365C5}.Release|Any CPU.Build.0 = Release|Any CPU
	EndGlobalSection
	GlobalSection(SolutionProperties) = preSolution
		HideSolutionNode = FALSE
	EndGlobalSection
EndGlobal
