
Microsoft Visual Studio Solution File, Format Version 12.00
Project("{FAE04EC0-301F-11D3-BF4B-00C04F79EFBC}") = "DomeGym.Domain", "DomeGym.Domain\DomeGym.Domain.csproj", "{05B7376D-1DFB-460D-960D-00F90C30200D}"
EndProject
Project("{FAE04EC0-301F-11D3-BF4B-00C04F79EFBC}") = "DomeGym.Domain.UnitTests", "DomeGym.Domain.UnitTests\DomeGym.Domain.UnitTests.csproj", "{E344EB1D-FB7B-4F13-B80A-801E9B9B04AB}"
EndProject
Global
	GlobalSection(SolutionConfigurationPlatforms) = preSolution
		Debug|Any CPU = Debug|Any CPU
		Release|Any CPU = Release|Any CPU
	EndGlobalSection
	GlobalSection(ProjectConfigurationPlatforms) = postSolution
		{05B7376D-1DFB-460D-960D-00F90C30200D}.Debug|Any CPU.ActiveCfg = Debug|Any CPU
		{05B7376D-1DFB-460D-960D-00F90C30200D}.Debug|Any CPU.Build.0 = Debug|Any CPU
		{05B7376D-1DFB-460D-960D-00F90C30200D}.Release|Any CPU.ActiveCfg = Release|Any CPU
		{05B7376D-1DFB-460D-960D-00F90C30200D}.Release|Any CPU.Build.0 = Release|Any CPU
		{E344EB1D-FB7B-4F13-B80A-801E9B9B04AB}.Debug|Any CPU.ActiveCfg = Debug|Any CPU
		{E344EB1D-FB7B-4F13-B80A-801E9B9B04AB}.Debug|Any CPU.Build.0 = Debug|Any CPU
		{E344EB1D-FB7B-4F13-B80A-801E9B9B04AB}.Release|Any CPU.ActiveCfg = Release|Any CPU
		{E344EB1D-FB7B-4F13-B80A-801E9B9B04AB}.Release|Any CPU.Build.0 = Release|Any CPU
	EndGlobalSection
EndGlobal
